
Microsoft Visual Studio Solution File, Format Version 12.00
# Visual Studio Version 17
VisualStudioVersion = 17.4.33205.214
MinimumVisualStudioVersion = 10.0.40219.1
Project("{9A19103F-16F7-4668-BE54-9A1E7A4F7556}") = "MiPowerShell", "MiPowerShell\MiPowerShell.csproj", "{04EA71EC-38BD-46A4-B19E-EE25C90BC149}"
EndProject
Project("{9A19103F-16F7-4668-BE54-9A1E7A4F7556}") = "MiPowerShell.Tests", "MiPowerShell.Tests\MiPowerShell.Tests.csproj", "{8F0A6554-5D8C-45A7-8A4C-E9FA1116352B}"
EndProject
Project("{54435603-DBB4-11D2-8724-00A0C9A8B90C}") = "MiPowerShellSetup", "MiPowerShellSetup\MiPowerShellSetup.vdproj", "{7ACBAE5D-67F8-4B46-845C-CDD44314E30B}"
EndProject
Project("{FAE04EC0-301F-11D3-BF4B-00C04F79EFBC}") = "MiPowerShell-Benchmarks", "MiPowerShell-Benchmarks\MiPowerShell-Benchmarks.csproj", "{BA143110-DEF8-4B3C-9D98-E5F2BD8241DD}"
EndProject
Global
	GlobalSection(SolutionConfigurationPlatforms) = preSolution
		All|Any CPU = All|Any CPU
		Debug|Any CPU = Debug|Any CPU
		Release|Any CPU = Release|Any CPU
	EndGlobalSection
	GlobalSection(ProjectConfigurationPlatforms) = postSolution
		{04EA71EC-38BD-46A4-B19E-EE25C90BC149}.All|Any CPU.ActiveCfg = Debug|Any CPU
		{04EA71EC-38BD-46A4-B19E-EE25C90BC149}.All|Any CPU.Build.0 = Debug|Any CPU
		{04EA71EC-38BD-46A4-B19E-EE25C90BC149}.Debug|Any CPU.ActiveCfg = Release|Any CPU
		{04EA71EC-38BD-46A4-B19E-EE25C90BC149}.Debug|Any CPU.Build.0 = Release|Any CPU
		{04EA71EC-38BD-46A4-B19E-EE25C90BC149}.Release|Any CPU.ActiveCfg = Release|Any CPU
		{04EA71EC-38BD-46A4-B19E-EE25C90BC149}.Release|Any CPU.Build.0 = Release|Any CPU
		{8F0A6554-5D8C-45A7-8A4C-E9FA1116352B}.All|Any CPU.ActiveCfg = Release|Any CPU
		{8F0A6554-5D8C-45A7-8A4C-E9FA1116352B}.All|Any CPU.Build.0 = Release|Any CPU
		{8F0A6554-5D8C-45A7-8A4C-E9FA1116352B}.Debug|Any CPU.ActiveCfg = Debug|Any CPU
		{8F0A6554-5D8C-45A7-8A4C-E9FA1116352B}.Debug|Any CPU.Build.0 = Debug|Any CPU
		{8F0A6554-5D8C-45A7-8A4C-E9FA1116352B}.Release|Any CPU.ActiveCfg = Release|Any CPU
		{8F0A6554-5D8C-45A7-8A4C-E9FA1116352B}.Release|Any CPU.Build.0 = Release|Any CPU
		{7ACBAE5D-67F8-4B46-845C-CDD44314E30B}.All|Any CPU.ActiveCfg = Debug
		{7ACBAE5D-67F8-4B46-845C-CDD44314E30B}.Debug|Any CPU.ActiveCfg = Debug
		{7ACBAE5D-67F8-4B46-845C-CDD44314E30B}.Release|Any CPU.ActiveCfg = Release
		{BA143110-DEF8-4B3C-9D98-E5F2BD8241DD}.All|Any CPU.ActiveCfg = Debug|Any CPU
		{BA143110-DEF8-4B3C-9D98-E5F2BD8241DD}.All|Any CPU.Build.0 = Debug|Any CPU
		{BA143110-DEF8-4B3C-9D98-E5F2BD8241DD}.Debug|Any CPU.ActiveCfg = Debug|Any CPU
		{BA143110-DEF8-4B3C-9D98-E5F2BD8241DD}.Debug|Any CPU.Build.0 = Debug|Any CPU
		{BA143110-DEF8-4B3C-9D98-E5F2BD8241DD}.Release|Any CPU.ActiveCfg = Release|Any CPU
		{BA143110-DEF8-4B3C-9D98-E5F2BD8241DD}.Release|Any CPU.Build.0 = Release|Any CPU
	EndGlobalSection
	GlobalSection(SolutionProperties) = preSolution
		HideSolutionNode = FALSE
	EndGlobalSection
	GlobalSection(ExtensibilityGlobals) = postSolution
		SolutionGuid = {D11A1345-B4D4-40E5-B4CD-DCD24A0E0EE8}
	EndGlobalSection
EndGlobal
